
Microsoft Visual Studio Solution File, Format Version 12.00
# Visual Studio 14
VisualStudioVersion = 14.0.24720.0
MinimumVisualStudioVersion = 10.0.40219.1
Project("{F088123C-0E9E-452A-89E6-6BA2F21D5CAC}") = "Humane_Society", "Humane_Society.modelproj", "{7FBECD02-21DD-495E-8843-509E76742E19}"
EndProject
Project("{FAE04EC0-301F-11D3-BF4B-00C04F79EFBC}") = "HumaneSociety", "HumaneSociety\HumaneSociety.csproj", "{5AD58ABA-AF27-41F8-86A5-A582C1CB31ED}"
EndProject
Project("{FAE04EC0-301F-11D3-BF4B-00C04F79EFBC}") = "Humane_SocietyLib", "..\Humane_SocietyLib\Humane_SocietyLib.csproj", "{0B355BA2-2D80-4ECE-88FD-366D0E77A23B}"
EndProject
Global
	GlobalSection(SolutionConfigurationPlatforms) = preSolution
		Debug|Any CPU = Debug|Any CPU
		Release|Any CPU = Release|Any CPU
	EndGlobalSection
	GlobalSection(ProjectConfigurationPlatforms) = postSolution
		{7FBECD02-21DD-495E-8843-509E76742E19}.Debug|Any CPU.ActiveCfg = Debug|Any CPU
		{7FBECD02-21DD-495E-8843-509E76742E19}.Debug|Any CPU.Build.0 = Debug|Any CPU
		{7FBECD02-21DD-495E-8843-509E76742E19}.Release|Any CPU.ActiveCfg = Release|Any CPU
		{7FBECD02-21DD-495E-8843-509E76742E19}.Release|Any CPU.Build.0 = Release|Any CPU
		{5AD58ABA-AF27-41F8-86A5-A582C1CB31ED}.Debug|Any CPU.ActiveCfg = Debug|Any CPU
		{5AD58ABA-AF27-41F8-86A5-A582C1CB31ED}.Debug|Any CPU.Build.0 = Debug|Any CPU
		{5AD58ABA-AF27-41F8-86A5-A582C1CB31ED}.Release|Any CPU.ActiveCfg = Release|Any CPU
		{5AD58ABA-AF27-41F8-86A5-A582C1CB31ED}.Release|Any CPU.Build.0 = Release|Any CPU
		{0B355BA2-2D80-4ECE-88FD-366D0E77A23B}.Debug|Any CPU.ActiveCfg = Debug|Any CPU
		{0B355BA2-2D80-4ECE-88FD-366D0E77A23B}.Debug|Any CPU.Build.0 = Debug|Any CPU
		{0B355BA2-2D80-4ECE-88FD-366D0E77A23B}.Release|Any CPU.ActiveCfg = Release|Any CPU
		{0B355BA2-2D80-4ECE-88FD-366D0E77A23B}.Release|Any CPU.Build.0 = Release|Any CPU
	EndGlobalSection
	GlobalSection(SolutionProperties) = preSolution
		HideSolutionNode = FALSE
	EndGlobalSection
EndGlobal
